{
  "name": "2022SpringTeam06-CSC-Dept-1",
  "lockfileVersion": 2,
  "requires": true,
  "packages": {
    "": {
      "dependencies": {
        "@toast-ui/chart": "^4.4.1"
      }
    },
    "node_modules/@toast-ui/chart": {
      "version": "4.4.1",
      "resolved": "https://registry.npmjs.org/@toast-ui/chart/-/chart-4.4.1.tgz",
      "integrity": "sha512-0naYSTqBmPGI1NuRbt3XWWP9dxpjarJkjMpYNclcFy7AQa/++MBwjcqMsPF453lk3/NBSKrF5HkPUXDdcvHBfg=="
    }
  },
  "dependencies": {
    "@toast-ui/chart": {
      "version": "4.4.1",
      "resolved": "https://registry.npmjs.org/@toast-ui/chart/-/chart-4.4.1.tgz",
      "integrity": "sha512-0naYSTqBmPGI1NuRbt3XWWP9dxpjarJkjMpYNclcFy7AQa/++MBwjcqMsPF453lk3/NBSKrF5HkPUXDdcvHBfg=="
    }
  }
}
